
Microsoft Visual Studio Solution File, Format Version 10.00
# Visual Studio 2008
Project("{8BC9CEB8-8B4A-11D0-8D11-00A0C91BC942}") = "fuzzy_logic_engine", "fuzzy_logic_engine\fuzzy_logic_engine.vcproj", "{071BFB86-219B-4355-8BB9-047380538A0F}"
EndProject
Global
	GlobalSection(SolutionConfigurationPlatforms) = preSolution
		Debug|Win32 = Debug|Win32
		Release|Win32 = Release|Win32
	EndGlobalSection
	GlobalSection(ProjectConfigurationPlatforms) = postSolution
		{071BFB86-219B-4355-8BB9-047380538A0F}.Debug|Win32.ActiveCfg = Debug|Win32
		{071BFB86-219B-4355-8BB9-047380538A0F}.Debug|Win32.Build.0 = Debug|Win32
		{071BFB86-219B-4355-8BB9-047380538A0F}.Release|Win32.ActiveCfg = Release|Win32
		{071BFB86-219B-4355-8BB9-047380538A0F}.Release|Win32.Build.0 = Release|Win32
	EndGlobalSection
	GlobalSection(SolutionProperties) = preSolution
		HideSolutionNode = FALSE
	EndGlobalSection
EndGlobal
